github.com/ThalesGroup/crypto11 v1.4.1 h1:6YR6aVL8LI8akReXKTEgxf+k0+b8wlV8Ra7tZnCG9y4=
github.com/ThalesGroup/crypto11 v1.4.1/go.mod h1:vggvBwlVrqePDrooq/B32dMXlfEsdsFY+6YlSD7VOy0=
github.com/davecgh/go-spew v1.1.0 h1:ZDRjVQ15GmhC3fiQ8ni8+OwkZQO4DARzQgrnXU1Liz8=
github.com/davecgh/go-spew v1.1.0/go.mod h1:J7Y8YcW2NihsgmVo/mv3lAwl/skON4iLHjSsI+c5H38=
github.com/miekg/pkcs11 v1.1.1 h1:Ugu9pdy6vAYku5DEpVWVFPYnzV+bxB+iRdbuFSu7TvU=
github.com/miekg/pkcs11 v1.1.1/go.mod h1:XsNlhZGX73bx86s2hdc/FuaLm2CPZJemRLMA+WTFxgs=
github.com/pkg/errors v0.9.1 h1:FEBLx1zS214owpjy7qsBeixbURkuhQAwrK5UwLGTwt4=
github.com/pkg/errors v0.9.1/go.mod h1:bwawxfHBFNV+L2hUp1rHADufV3IMtnDRdf1r5NINEl0=
github.com/pmezard/go-difflib v1.0.0 h1:4DBwDE0NGyQoBHbLQYPwSUPoCMWR5BEzIk/f1lZbAQM=
github.com/pmezard/go-difflib v1.0.0/go.mod h1:iKH77koFhYxTK1pcRnkKkqfTogsbg7gZNVY4sRDYZ/4=
github.com/salrashid123/pkcssigner v0.0.1 h1:Nh/m05GGeL0P9fjtySxzbE4pdMI/UUMEehCmjpXjbuw=
github.com/salrashid123/pkcssigner v0.0.1/go.mod h1:OzTVkIk7og6Z/emrMYD2KM+QRf6D2Ilo2nsfYLtG8ok=
github.com/stretchr/testify v1.3.0 h1:TivCn/peBQ7UY8ooIcPgZFpTNSz0Q2U6UrFlUfqbe0Q=
github.com/stretchr/testify v1.3.0/go.mod h1:M5WIy9Dh21IEIfnGCwXGc5bZfKNJtfHm1UVUgZn+9EI=
github.com/thales-e-security/pool v0.0.2 h1:RAPs4q2EbWsTit6tpzuvTFlgFRJ3S8Evf5gtvVDbmPg=
github.com/thales-e-security/pool v0.0.2/go.mod h1:qtpMm2+thHtqhLzTwgDBj/OuNnMpupY8mv0Phz0gjhU=
golang.org/x/net v0.26.0 h1:soB7SVo0PWrY4vPW/+ay0jKDNScG2X9wFeYlXIvJsOQ=
golang.org/x/net v0.26.0/go.mod h1:5YKkiSynbBIh3p6iOc/vibscux0x38BZDkn8sCUPxHE=
golang.org/x/text v0.16.0 h1:a94ExnEXNtEwYLGJSIUxnWoxoRz/ZcCsV63ROupILh4=
golang.org/x/text v0.16.0/go.mod h1:GhwF1Be+LQoKShO3cGOHzqOgRrGaYc9AvblQOmPVHnI=
